<?xml version="1.0" encoding="UTF-8" standalone="yes" ?>
<CodeBlocks_project_file>
   <FileVersion major="1" minor="6" />
   <Project>
      <Option title="watertight" />
      <Option makefile_is_custom="1" />
      <Option compiler="gcc" />
      <Option virtualFolders="CMake Files\;CMake Files\..\;CMake Files\..\..\;CMake Files\..\..\..\;CMake Files\..\..\..\..\;CMake Files\..\..\..\..\..\;CMake Files\..\..\..\..\..\..\;CMake Files\..\..\..\..\..\..\usr\;CMake Files\..\..\..\..\..\..\usr\lib64\;CMake Files\..\..\..\..\..\..\usr\lib64\cmake\;CMake Files\..\..\..\..\..\..\usr\lib64\cmake\pcl\;CMake Files\..\..\..\..\..\..\usr\lib64\cmake\vtk\;CMake Files\..\..\..\..\..\..\usr\lib64\cmake\vtk\Modules\;" />
      <Build>
      <Target title="all">
         <Option working_dir="/home/Methe/Workspace/ComputerVisionLabs/src/3dpcl" />
         <Option type="4" />
         <MakeCommands>
            <Build command="/usr/bin/gmake -f &quot;/home/Methe/Workspace/ComputerVisionLabs/src/3dpcl/Makefile&quot;  VERBOSE=1 all" />
            <CompileFile command="/usr/bin/gmake -f &quot;/home/Methe/Workspace/ComputerVisionLabs/src/3dpcl/Makefile&quot;  VERBOSE=1 &quot;$file&quot;" />
            <Clean command="/usr/bin/gmake -f &quot;/home/Methe/Workspace/ComputerVisionLabs/src/3dpcl/Makefile&quot;  VERBOSE=1 clean" />
            <DistClean command="/usr/bin/gmake -f &quot;/home/Methe/Workspace/ComputerVisionLabs/src/3dpcl/Makefile&quot;  VERBOSE=1 clean" />
         </MakeCommands>
      </Target>
      <Target title="rebuild_cache">
         <Option working_dir="/home/Methe/Workspace/ComputerVisionLabs/src/3dpcl" />
         <Option type="4" />
         <MakeCommands>
            <Build command="/usr/bin/gmake -f &quot;/home/Methe/Workspace/ComputerVisionLabs/src/3dpcl/Makefile&quot;  VERBOSE=1 rebuild_cache" />
            <CompileFile command="/usr/bin/gmake -f &quot;/home/Methe/Workspace/ComputerVisionLabs/src/3dpcl/Makefile&quot;  VERBOSE=1 &quot;$file&quot;" />
            <Clean command="/usr/bin/gmake -f &quot;/home/Methe/Workspace/ComputerVisionLabs/src/3dpcl/Makefile&quot;  VERBOSE=1 clean" />
            <DistClean command="/usr/bin/gmake -f &quot;/home/Methe/Workspace/ComputerVisionLabs/src/3dpcl/Makefile&quot;  VERBOSE=1 clean" />
         </MakeCommands>
      </Target>
      <Target title="watertight">
         <Option output="/home/Methe/Workspace/ComputerVisionLabs/src/3dpcl/watertight" prefix_auto="0" extension_auto="0" />
         <Option working_dir="/home/Methe/Workspace/ComputerVisionLabs/src/3dpcl" />
         <Option object_output="./" />
         <Option type="1" />
         <Option compiler="gcc" />
         <Compiler>
            <Add option="-DvtkFiltersStatistics_AUTOINIT=1(vtkFiltersStatisticsGnuR)" />
            <Add option="-DvtkRenderingCore_AUTOINIT=4(vtkInteractionStyle,vtkRenderingFreeType,vtkRenderingFreeTypeOpenGL,vtkRenderingOpenGL)" />
            <Add option="-DvtkRenderingVolume_AUTOINIT=1(vtkRenderingVolumeOpenGL)" />
            <Add option="-DEIGEN_USE_NEW_STDVECTOR" />
            <Add option="-DEIGEN_YES_I_KNOW_SPARSE_MODULE_IS_NOT_STABLE_YET" />
            <Add option="-Dqh_QHpointer" />
            <Add directory="/usr/include/eigen3" />
            <Add directory="/usr/include/freetype2" />
            <Add directory="/usr/include/libxml2" />
            <Add directory="/usr/include/ni" />
            <Add directory="/usr/include/pcl-1.7" />
            <Add directory="/usr/include/python2.7" />
            <Add directory="/usr/include/qhull" />
            <Add directory="/usr/include/vtk" />
         </Compiler>
         <MakeCommands>
            <Build command="/usr/bin/gmake -f &quot;/home/Methe/Workspace/ComputerVisionLabs/src/3dpcl/Makefile&quot;  VERBOSE=1 watertight" />
            <CompileFile command="/usr/bin/gmake -f &quot;/home/Methe/Workspace/ComputerVisionLabs/src/3dpcl/Makefile&quot;  VERBOSE=1 &quot;$file&quot;" />
            <Clean command="/usr/bin/gmake -f &quot;/home/Methe/Workspace/ComputerVisionLabs/src/3dpcl/Makefile&quot;  VERBOSE=1 clean" />
            <DistClean command="/usr/bin/gmake -f &quot;/home/Methe/Workspace/ComputerVisionLabs/src/3dpcl/Makefile&quot;  VERBOSE=1 clean" />
         </MakeCommands>
      </Target>
      <Target title="watertight/fast">
         <Option output="/home/Methe/Workspace/ComputerVisionLabs/src/3dpcl/watertight" prefix_auto="0" extension_auto="0" />
         <Option working_dir="/home/Methe/Workspace/ComputerVisionLabs/src/3dpcl" />
         <Option object_output="./" />
         <Option type="1" />
         <Option compiler="gcc" />
         <Compiler>
            <Add option="-DvtkFiltersStatistics_AUTOINIT=1(vtkFiltersStatisticsGnuR)" />
            <Add option="-DvtkRenderingCore_AUTOINIT=4(vtkInteractionStyle,vtkRenderingFreeType,vtkRenderingFreeTypeOpenGL,vtkRenderingOpenGL)" />
            <Add option="-DvtkRenderingVolume_AUTOINIT=1(vtkRenderingVolumeOpenGL)" />
            <Add option="-DEIGEN_USE_NEW_STDVECTOR" />
            <Add option="-DEIGEN_YES_I_KNOW_SPARSE_MODULE_IS_NOT_STABLE_YET" />
            <Add option="-Dqh_QHpointer" />
            <Add directory="/usr/include/eigen3" />
            <Add directory="/usr/include/freetype2" />
            <Add directory="/usr/include/libxml2" />
            <Add directory="/usr/include/ni" />
            <Add directory="/usr/include/pcl-1.7" />
            <Add directory="/usr/include/python2.7" />
            <Add directory="/usr/include/qhull" />
            <Add directory="/usr/include/vtk" />
         </Compiler>
         <MakeCommands>
            <Build command="/usr/bin/gmake -f &quot;/home/Methe/Workspace/ComputerVisionLabs/src/3dpcl/Makefile&quot;  VERBOSE=1 watertight/fast" />
            <CompileFile command="/usr/bin/gmake -f &quot;/home/Methe/Workspace/ComputerVisionLabs/src/3dpcl/Makefile&quot;  VERBOSE=1 &quot;$file&quot;" />
            <Clean command="/usr/bin/gmake -f &quot;/home/Methe/Workspace/ComputerVisionLabs/src/3dpcl/Makefile&quot;  VERBOSE=1 clean" />
            <DistClean command="/usr/bin/gmake -f &quot;/home/Methe/Workspace/ComputerVisionLabs/src/3dpcl/Makefile&quot;  VERBOSE=1 clean" />
         </MakeCommands>
      </Target>
      </Build>
      <Unit filename="/home/Methe/Workspace/ComputerVisionLabs/src/3dpcl/main.cpp">
      </Unit>
      <Unit filename="/home/Methe/Workspace/ComputerVisionLabs/src/3dpcl/CMakeLists.txt">
          <Option virtualFolder="CMake Files\" />
      </Unit>
      <Unit filename="/home/Methe/Workspace/ComputerVisionLabs/src/3dpcl/../../../../../../usr/lib64/cmake/pcl/PCLConfigVersion.cmake">
          <Option virtualFolder="CMake Files\..\..\..\..\..\..\usr\lib64\cmake\pcl\" />
      </Unit>
      <Unit filename="/home/Methe/Workspace/ComputerVisionLabs/src/3dpcl/../../../../../../usr/lib64/cmake/pcl/PCLConfig.cmake">
          <Option virtualFolder="CMake Files\..\..\..\..\..\..\usr\lib64\cmake\pcl\" />
      </Unit>
      <Unit filename="/home/Methe/Workspace/ComputerVisionLabs/src/3dpcl/../../../../../../usr/lib64/cmake/vtk/VTKConfigVersion.cmake">
          <Option virtualFolder="CMake Files\..\..\..\..\..\..\usr\lib64\cmake\vtk\" />
      </Unit>
      <Unit filename="/home/Methe/Workspace/ComputerVisionLabs/src/3dpcl/../../../../../../usr/lib64/cmake/vtk/VTKConfig.cmake">
          <Option virtualFolder="CMake Files\..\..\..\..\..\..\usr\lib64\cmake\vtk\" />
      </Unit>
      <Unit filename="/home/Methe/Workspace/ComputerVisionLabs/src/3dpcl/../../../../../../usr/lib64/cmake/vtk/VTKTargets.cmake">
          <Option virtualFolder="CMake Files\..\..\..\..\..\..\usr\lib64\cmake\vtk\" />
      </Unit>
      <Unit filename="/home/Methe/Workspace/ComputerVisionLabs/src/3dpcl/../../../../../../usr/lib64/cmake/vtk/VTKTargets-debug.cmake">
          <Option virtualFolder="CMake Files\..\..\..\..\..\..\usr\lib64\cmake\vtk\" />
      </Unit>
      <Unit filename="/home/Methe/Workspace/ComputerVisionLabs/src/3dpcl/../../../../../../usr/lib64/cmake/vtk/vtkModuleAPI.cmake">
          <Option virtualFolder="CMake Files\..\..\..\..\..\..\usr\lib64\cmake\vtk\" />
      </Unit>
      <Unit filename="/home/Methe/Workspace/ComputerVisionLabs/src/3dpcl/../../../../../../usr/lib64/cmake/vtk/UseVTK.cmake">
          <Option virtualFolder="CMake Files\..\..\..\..\..\..\usr\lib64\cmake\vtk\" />
      </Unit>
      <Unit filename="/home/Methe/Workspace/ComputerVisionLabs/src/3dpcl/../../../../../../usr/lib64/cmake/vtk/VTKConfigVersion.cmake">
          <Option virtualFolder="CMake Files\..\..\..\..\..\..\usr\lib64\cmake\vtk\" />
      </Unit>
      <Unit filename="/home/Methe/Workspace/ComputerVisionLabs/src/3dpcl/../../../../../../usr/lib64/cmake/vtk/VTKConfig.cmake">
          <Option virtualFolder="CMake Files\..\..\..\..\..\..\usr\lib64\cmake\vtk\" />
      </Unit>
      <Unit filename="/home/Methe/Workspace/ComputerVisionLabs/src/3dpcl/../../../../../../usr/lib64/cmake/vtk/vtkModuleAPI.cmake">
          <Option virtualFolder="CMake Files\..\..\..\..\..\..\usr\lib64\cmake\vtk\" />
      </Unit>
      <Unit filename="/home/Methe/Workspace/ComputerVisionLabs/src/3dpcl/../../../../../../usr/lib64/cmake/vtk/UseVTK.cmake">
          <Option virtualFolder="CMake Files\..\..\..\..\..\..\usr\lib64\cmake\vtk\" />
      </Unit>
      <Unit filename="/home/Methe/Workspace/ComputerVisionLabs/src/3dpcl/../../../../../../usr/lib64/cmake/vtk/VTKConfigVersion.cmake">
          <Option virtualFolder="CMake Files\..\..\..\..\..\..\usr\lib64\cmake\vtk\" />
      </Unit>
      <Unit filename="/home/Methe/Workspace/ComputerVisionLabs/src/3dpcl/../../../../../../usr/lib64/cmake/vtk/VTKConfig.cmake">
          <Option virtualFolder="CMake Files\..\..\..\..\..\..\usr\lib64\cmake\vtk\" />
      </Unit>
      <Unit filename="/home/Methe/Workspace/ComputerVisionLabs/src/3dpcl/../../../../../../usr/lib64/cmake/vtk/vtkModuleAPI.cmake">
          <Option virtualFolder="CMake Files\..\..\..\..\..\..\usr\lib64\cmake\vtk\" />
      </Unit>
      <Unit filename="/home/Methe/Workspace/ComputerVisionLabs/src/3dpcl/../../../../../../usr/lib64/cmake/vtk/Modules/vtkexpat.cmake">
          <Option virtualFolder="CMake Files\..\..\..\..\..\..\usr\lib64\cmake\vtk\Modules\" />
      </Unit>
      <Unit filename="/home/Methe/Workspace/ComputerVisionLabs/src/3dpcl/../../../../../../usr/lib64/cmake/vtk/Modules/vtkTestingCore.cmake">
          <Option virtualFolder="CMake Files\..\..\..\..\..\..\usr\lib64\cmake\vtk\Modules\" />
      </Unit>
      <Unit filename="/home/Methe/Workspace/ComputerVisionLabs/src/3dpcl/../../../../../../usr/lib64/cmake/vtk/Modules/vtkGUISupportQtSQL.cmake">
          <Option virtualFolder="CMake Files\..\..\..\..\..\..\usr\lib64\cmake\vtk\Modules\" />
      </Unit>
      <Unit filename="/home/Methe/Workspace/ComputerVisionLabs/src/3dpcl/../../../../../../usr/lib64/cmake/vtk/Modules/vtkIOSQL.cmake">
          <Option virtualFolder="CMake Files\..\..\..\..\..\..\usr\lib64\cmake\vtk\Modules\" />
      </Unit>
      <Unit filename="/home/Methe/Workspace/ComputerVisionLabs/src/3dpcl/../../../../../../usr/lib64/cmake/vtk/Modules/vtkIOCore.cmake">
          <Option virtualFolder="CMake Files\..\..\..\..\..\..\usr\lib64\cmake\vtk\Modules\" />
      </Unit>
      <Unit filename="/home/Methe/Workspace/ComputerVisionLabs/src/3dpcl/../../../../../../usr/lib64/cmake/vtk/Modules/vtkCommonDataModel.cmake">
          <Option virtualFolder="CMake Files\..\..\..\..\..\..\usr\lib64\cmake\vtk\Modules\" />
      </Unit>
      <Unit filename="/home/Methe/Workspace/ComputerVisionLabs/src/3dpcl/../../../../../../usr/lib64/cmake/vtk/Modules/vtkCommonMath.cmake">
          <Option virtualFolder="CMake Files\..\..\..\..\..\..\usr\lib64\cmake\vtk\Modules\" />
      </Unit>
      <Unit filename="/home/Methe/Workspace/ComputerVisionLabs/src/3dpcl/../../../../../../usr/lib64/cmake/vtk/Modules/vtkCommonCore.cmake">
          <Option virtualFolder="CMake Files\..\..\..\..\..\..\usr\lib64\cmake\vtk\Modules\" />
      </Unit>
      <Unit filename="/home/Methe/Workspace/ComputerVisionLabs/src/3dpcl/../../../../../../usr/lib64/cmake/vtk/Modules/vtksys.cmake">
          <Option virtualFolder="CMake Files\..\..\..\..\..\..\usr\lib64\cmake\vtk\Modules\" />
      </Unit>
      <Unit filename="/home/Methe/Workspace/ComputerVisionLabs/src/3dpcl/../../../../../../usr/lib64/cmake/vtk/Modules/vtkCommonMisc.cmake">
          <Option virtualFolder="CMake Files\..\..\..\..\..\..\usr\lib64\cmake\vtk\Modules\" />
      </Unit>
      <Unit filename="/home/Methe/Workspace/ComputerVisionLabs/src/3dpcl/../../../../../../usr/lib64/cmake/vtk/Modules/vtkCommonSystem.cmake">
          <Option virtualFolder="CMake Files\..\..\..\..\..\..\usr\lib64\cmake\vtk\Modules\" />
      </Unit>
      <Unit filename="/home/Methe/Workspace/ComputerVisionLabs/src/3dpcl/../../../../../../usr/lib64/cmake/vtk/Modules/vtkCommonTransforms.cmake">
          <Option virtualFolder="CMake Files\..\..\..\..\..\..\usr\lib64\cmake\vtk\Modules\" />
      </Unit>
      <Unit filename="/home/Methe/Workspace/ComputerVisionLabs/src/3dpcl/../../../../../../usr/lib64/cmake/vtk/Modules/vtkCommonExecutionModel.cmake">
          <Option virtualFolder="CMake Files\..\..\..\..\..\..\usr\lib64\cmake\vtk\Modules\" />
      </Unit>
      <Unit filename="/home/Methe/Workspace/ComputerVisionLabs/src/3dpcl/../../../../../../usr/lib64/cmake/vtk/Modules/vtkzlib.cmake">
          <Option virtualFolder="CMake Files\..\..\..\..\..\..\usr\lib64\cmake\vtk\Modules\" />
      </Unit>
      <Unit filename="/home/Methe/Workspace/ComputerVisionLabs/src/3dpcl/../../../../../../usr/lib64/cmake/vtk/Modules/vtksqlite.cmake">
          <Option virtualFolder="CMake Files\..\..\..\..\..\..\usr\lib64\cmake\vtk\Modules\" />
      </Unit>
      <Unit filename="/home/Methe/Workspace/ComputerVisionLabs/src/3dpcl/../../../../../../usr/lib64/cmake/vtk/Modules/vtkIOMovie.cmake">
          <Option virtualFolder="CMake Files\..\..\..\..\..\..\usr\lib64\cmake\vtk\Modules\" />
      </Unit>
      <Unit filename="/home/Methe/Workspace/ComputerVisionLabs/src/3dpcl/../../../../../../usr/lib64/cmake/vtk/Modules/vtkoggtheora.cmake">
          <Option virtualFolder="CMake Files\..\..\..\..\..\..\usr\lib64\cmake\vtk\Modules\" />
      </Unit>
      <Unit filename="/home/Methe/Workspace/ComputerVisionLabs/src/3dpcl/../../../../../../usr/lib64/cmake/vtk/Modules/vtkFiltersProgrammable.cmake">
          <Option virtualFolder="CMake Files\..\..\..\..\..\..\usr\lib64\cmake\vtk\Modules\" />
      </Unit>
      <Unit filename="/home/Methe/Workspace/ComputerVisionLabs/src/3dpcl/../../../../../../usr/lib64/cmake/vtk/Modules/vtkTestingIOSQL.cmake">
          <Option virtualFolder="CMake Files\..\..\..\..\..\..\usr\lib64\cmake\vtk\Modules\" />
      </Unit>
      <Unit filename="/home/Methe/Workspace/ComputerVisionLabs/src/3dpcl/../../../../../../usr/lib64/cmake/vtk/Modules/vtkImagingGeneral.cmake">
          <Option virtualFolder="CMake Files\..\..\..\..\..\..\usr\lib64\cmake\vtk\Modules\" />
      </Unit>
      <Unit filename="/home/Methe/Workspace/ComputerVisionLabs/src/3dpcl/../../../../../../usr/lib64/cmake/vtk/Modules/vtkImagingSources.cmake">
          <Option virtualFolder="CMake Files\..\..\..\..\..\..\usr\lib64\cmake\vtk\Modules\" />
      </Unit>
      <Unit filename="/home/Methe/Workspace/ComputerVisionLabs/src/3dpcl/../../../../../../usr/lib64/cmake/vtk/Modules/vtkImagingCore.cmake">
          <Option virtualFolder="CMake Files\..\..\..\..\..\..\usr\lib64\cmake\vtk\Modules\" />
      </Unit>
      <Unit filename="/home/Methe/Workspace/ComputerVisionLabs/src/3dpcl/../../../../../../usr/lib64/cmake/vtk/Modules/vtkWrappingPythonCore.cmake">
          <Option virtualFolder="CMake Files\..\..\..\..\..\..\usr\lib64\cmake\vtk\Modules\" />
      </Unit>
      <Unit filename="/home/Methe/Workspace/ComputerVisionLabs/src/3dpcl/../../../../../../usr/lib64/cmake/vtk/Modules/vtkPython.cmake">
          <Option virtualFolder="CMake Files\..\..\..\..\..\..\usr\lib64\cmake\vtk\Modules\" />
      </Unit>
      <Unit filename="/home/Methe/Workspace/ComputerVisionLabs/src/3dpcl/../../../../../../usr/lib64/cmake/vtk/Modules/vtkWrappingTools.cmake">
          <Option virtualFolder="CMake Files\..\..\..\..\..\..\usr\lib64\cmake\vtk\Modules\" />
      </Unit>
      <Unit filename="/home/Methe/Workspace/ComputerVisionLabs/src/3dpcl/../../../../../../usr/lib64/cmake/vtk/Modules/vtkViewsContext2D.cmake">
          <Option virtualFolder="CMake Files\..\..\..\..\..\..\usr\lib64\cmake\vtk\Modules\" />
      </Unit>
      <Unit filename="/home/Methe/Workspace/ComputerVisionLabs/src/3dpcl/../../../../../../usr/lib64/cmake/vtk/Modules/vtkRenderingContext2D.cmake">
          <Option virtualFolder="CMake Files\..\..\..\..\..\..\usr\lib64\cmake\vtk\Modules\" />
      </Unit>
      <Unit filename="/home/Methe/Workspace/ComputerVisionLabs/src/3dpcl/../../../../../../usr/lib64/cmake/vtk/Modules/vtkRenderingCore.cmake">
          <Option virtualFolder="CMake Files\..\..\..\..\..\..\usr\lib64\cmake\vtk\Modules\" />
      </Unit>
      <Unit filename="/home/Methe/Workspace/ComputerVisionLabs/src/3dpcl/../../../../../../usr/lib64/cmake/vtk/Modules/vtkFiltersExtraction.cmake">
          <Option virtualFolder="CMake Files\..\..\..\..\..\..\usr\lib64\cmake\vtk\Modules\" />
      </Unit>
      <Unit filename="/home/Methe/Workspace/ComputerVisionLabs/src/3dpcl/../../../../../../usr/lib64/cmake/vtk/Modules/vtkFiltersCore.cmake">
          <Option virtualFolder="CMake Files\..\..\..\..\..\..\usr\lib64\cmake\vtk\Modules\" />
      </Unit>
      <Unit filename="/home/Methe/Workspace/ComputerVisionLabs/src/3dpcl/../../../../../../usr/lib64/cmake/vtk/Modules/vtkFiltersGeneral.cmake">
          <Option virtualFolder="CMake Files\..\..\..\..\..\..\usr\lib64\cmake\vtk\Modules\" />
      </Unit>
      <Unit filename="/home/Methe/Workspace/ComputerVisionLabs/src/3dpcl/../../../../../../usr/lib64/cmake/vtk/Modules/vtkCommonComputationalGeometry.cmake">
          <Option virtualFolder="CMake Files\..\..\..\..\..\..\usr\lib64\cmake\vtk\Modules\" />
      </Unit>
      <Unit filename="/home/Methe/Workspace/ComputerVisionLabs/src/3dpcl/../../../../../../usr/lib64/cmake/vtk/Modules/vtkFiltersStatistics.cmake">
          <Option virtualFolder="CMake Files\..\..\..\..\..\..\usr\lib64\cmake\vtk\Modules\" />
      </Unit>
      <Unit filename="/home/Methe/Workspace/ComputerVisionLabs/src/3dpcl/../../../../../../usr/lib64/cmake/vtk/Modules/vtkImagingFourier.cmake">
          <Option virtualFolder="CMake Files\..\..\..\..\..\..\usr\lib64\cmake\vtk\Modules\" />
      </Unit>
      <Unit filename="/home/Methe/Workspace/ComputerVisionLabs/src/3dpcl/../../../../../../usr/lib64/cmake/vtk/Modules/vtkalglib.cmake">
          <Option virtualFolder="CMake Files\..\..\..\..\..\..\usr\lib64\cmake\vtk\Modules\" />
      </Unit>
      <Unit filename="/home/Methe/Workspace/ComputerVisionLabs/src/3dpcl/../../../../../../usr/lib64/cmake/vtk/Modules/vtkFiltersGeometry.cmake">
          <Option virtualFolder="CMake Files\..\..\..\..\..\..\usr\lib64\cmake\vtk\Modules\" />
      </Unit>
      <Unit filename="/home/Methe/Workspace/ComputerVisionLabs/src/3dpcl/../../../../../../usr/lib64/cmake/vtk/Modules/vtkFiltersSources.cmake">
          <Option virtualFolder="CMake Files\..\..\..\..\..\..\usr\lib64\cmake\vtk\Modules\" />
      </Unit>
      <Unit filename="/home/Methe/Workspace/ComputerVisionLabs/src/3dpcl/../../../../../../usr/lib64/cmake/vtk/Modules/vtkIOImage.cmake">
          <Option virtualFolder="CMake Files\..\..\..\..\..\..\usr\lib64\cmake\vtk\Modules\" />
      </Unit>
      <Unit filename="/home/Methe/Workspace/ComputerVisionLabs/src/3dpcl/../../../../../../usr/lib64/cmake/vtk/Modules/vtkDICOMParser.cmake">
          <Option virtualFolder="CMake Files\..\..\..\..\..\..\usr\lib64\cmake\vtk\Modules\" />
      </Unit>
      <Unit filename="/home/Methe/Workspace/ComputerVisionLabs/src/3dpcl/../../../../../../usr/lib64/cmake/vtk/Modules/vtkMetaIO.cmake">
          <Option virtualFolder="CMake Files\..\..\..\..\..\..\usr\lib64\cmake\vtk\Modules\" />
      </Unit>
      <Unit filename="/home/Methe/Workspace/ComputerVisionLabs/src/3dpcl/../../../../../../usr/lib64/cmake/vtk/Modules/vtkjpeg.cmake">
          <Option virtualFolder="CMake Files\..\..\..\..\..\..\usr\lib64\cmake\vtk\Modules\" />
      </Unit>
      <Unit filename="/home/Methe/Workspace/ComputerVisionLabs/src/3dpcl/../../../../../../usr/lib64/cmake/vtk/Modules/vtkpng.cmake">
          <Option virtualFolder="CMake Files\..\..\..\..\..\..\usr\lib64\cmake\vtk\Modules\" />
      </Unit>
      <Unit filename="/home/Methe/Workspace/ComputerVisionLabs/src/3dpcl/../../../../../../usr/lib64/cmake/vtk/Modules/vtktiff.cmake">
          <Option virtualFolder="CMake Files\..\..\..\..\..\..\usr\lib64\cmake\vtk\Modules\" />
      </Unit>
      <Unit filename="/home/Methe/Workspace/ComputerVisionLabs/src/3dpcl/../../../../../../usr/lib64/cmake/vtk/Modules/vtkIOXMLParser.cmake">
          <Option virtualFolder="CMake Files\..\..\..\..\..\..\usr\lib64\cmake\vtk\Modules\" />
      </Unit>
      <Unit filename="/home/Methe/Workspace/ComputerVisionLabs/src/3dpcl/../../../../../../usr/lib64/cmake/vtk/Modules/vtkUtilitiesMaterialLibrary.cmake">
          <Option virtualFolder="CMake Files\..\..\..\..\..\..\usr\lib64\cmake\vtk\Modules\" />
      </Unit>
      <Unit filename="/home/Methe/Workspace/ComputerVisionLabs/src/3dpcl/../../../../../../usr/lib64/cmake/vtk/Modules/vtkRenderingFreeType.cmake">
          <Option virtualFolder="CMake Files\..\..\..\..\..\..\usr\lib64\cmake\vtk\Modules\" />
      </Unit>
      <Unit filename="/home/Methe/Workspace/ComputerVisionLabs/src/3dpcl/../../../../../../usr/lib64/cmake/vtk/Modules/vtkfreetype.cmake">
          <Option virtualFolder="CMake Files\..\..\..\..\..\..\usr\lib64\cmake\vtk\Modules\" />
      </Unit>
      <Unit filename="/home/Methe/Workspace/ComputerVisionLabs/src/3dpcl/../../../../../../usr/lib64/cmake/vtk/Modules/vtkftgl.cmake">
          <Option virtualFolder="CMake Files\..\..\..\..\..\..\usr\lib64\cmake\vtk\Modules\" />
      </Unit>
      <Unit filename="/home/Methe/Workspace/ComputerVisionLabs/src/3dpcl/../../../../../../usr/lib64/cmake/vtk/Modules/vtkRenderingOpenGL.cmake">
          <Option virtualFolder="CMake Files\..\..\..\..\..\..\usr\lib64\cmake\vtk\Modules\" />
      </Unit>
      <Unit filename="/home/Methe/Workspace/ComputerVisionLabs/src/3dpcl/../../../../../../usr/lib64/cmake/vtk/Modules/vtkImagingHybrid.cmake">
          <Option virtualFolder="CMake Files\..\..\..\..\..\..\usr\lib64\cmake\vtk\Modules\" />
      </Unit>
      <Unit filename="/home/Methe/Workspace/ComputerVisionLabs/src/3dpcl/../../../../../../usr/lib64/cmake/vtk/Modules/vtkParseOGLExt.cmake">
          <Option virtualFolder="CMake Files\..\..\..\..\..\..\usr\lib64\cmake\vtk\Modules\" />
      </Unit>
      <Unit filename="/home/Methe/Workspace/ComputerVisionLabs/src/3dpcl/../../../../../../usr/lib64/cmake/vtk/Modules/vtkUtilitiesEncodeString.cmake">
          <Option virtualFolder="CMake Files\..\..\..\..\..\..\usr\lib64\cmake\vtk\Modules\" />
      </Unit>
      <Unit filename="/home/Methe/Workspace/ComputerVisionLabs/src/3dpcl/../../../../../../usr/lib64/cmake/vtk/Modules/vtkViewsCore.cmake">
          <Option virtualFolder="CMake Files\..\..\..\..\..\..\usr\lib64\cmake\vtk\Modules\" />
      </Unit>
      <Unit filename="/home/Methe/Workspace/ComputerVisionLabs/src/3dpcl/../../../../../../usr/lib64/cmake/vtk/Modules/vtkInteractionWidgets.cmake">
          <Option virtualFolder="CMake Files\..\..\..\..\..\..\usr\lib64\cmake\vtk\Modules\" />
      </Unit>
      <Unit filename="/home/Methe/Workspace/ComputerVisionLabs/src/3dpcl/../../../../../../usr/lib64/cmake/vtk/Modules/vtkFiltersHybrid.cmake">
          <Option virtualFolder="CMake Files\..\..\..\..\..\..\usr\lib64\cmake\vtk\Modules\" />
      </Unit>
      <Unit filename="/home/Methe/Workspace/ComputerVisionLabs/src/3dpcl/../../../../../../usr/lib64/cmake/vtk/Modules/vtkFiltersModeling.cmake">
          <Option virtualFolder="CMake Files\..\..\..\..\..\..\usr\lib64\cmake\vtk\Modules\" />
      </Unit>
      <Unit filename="/home/Methe/Workspace/ComputerVisionLabs/src/3dpcl/../../../../../../usr/lib64/cmake/vtk/Modules/vtkInteractionStyle.cmake">
          <Option virtualFolder="CMake Files\..\..\..\..\..\..\usr\lib64\cmake\vtk\Modules\" />
      </Unit>
      <Unit filename="/home/Methe/Workspace/ComputerVisionLabs/src/3dpcl/../../../../../../usr/lib64/cmake/vtk/Modules/vtkRenderingAnnotation.cmake">
          <Option virtualFolder="CMake Files\..\..\..\..\..\..\usr\lib64\cmake\vtk\Modules\" />
      </Unit>
      <Unit filename="/home/Methe/Workspace/ComputerVisionLabs/src/3dpcl/../../../../../../usr/lib64/cmake/vtk/Modules/vtkImagingColor.cmake">
          <Option virtualFolder="CMake Files\..\..\..\..\..\..\usr\lib64\cmake\vtk\Modules\" />
      </Unit>
      <Unit filename="/home/Methe/Workspace/ComputerVisionLabs/src/3dpcl/../../../../../../usr/lib64/cmake/vtk/Modules/vtkRenderingVolume.cmake">
          <Option virtualFolder="CMake Files\..\..\..\..\..\..\usr\lib64\cmake\vtk\Modules\" />
      </Unit>
      <Unit filename="/home/Methe/Workspace/ComputerVisionLabs/src/3dpcl/../../../../../../usr/lib64/cmake/vtk/Modules/vtknetcdf.cmake">
          <Option virtualFolder="CMake Files\..\..\..\..\..\..\usr\lib64\cmake\vtk\Modules\" />
      </Unit>
      <Unit filename="/home/Methe/Workspace/ComputerVisionLabs/src/3dpcl/../../../../../../usr/lib64/cmake/vtk/Modules/vtkhdf5.cmake">
          <Option virtualFolder="CMake Files\..\..\..\..\..\..\usr\lib64\cmake\vtk\Modules\" />
      </Unit>
      <Unit filename="/home/Methe/Workspace/ComputerVisionLabs/src/3dpcl/../../../../../../usr/lib64/cmake/vtk/Modules/vtkWrappingTcl.cmake">
          <Option virtualFolder="CMake Files\..\..\..\..\..\..\usr\lib64\cmake\vtk\Modules\" />
      </Unit>
      <Unit filename="/home/Methe/Workspace/ComputerVisionLabs/src/3dpcl/../../../../../../usr/lib64/cmake/vtk/Modules/vtkTclTk.cmake">
          <Option virtualFolder="CMake Files\..\..\..\..\..\..\usr\lib64\cmake\vtk\Modules\" />
      </Unit>
      <Unit filename="/home/Methe/Workspace/ComputerVisionLabs/src/3dpcl/../../../../../../usr/lib64/cmake/vtk/Modules/vtkFiltersHyperTree.cmake">
          <Option virtualFolder="CMake Files\..\..\..\..\..\..\usr\lib64\cmake\vtk\Modules\" />
      </Unit>
      <Unit filename="/home/Methe/Workspace/ComputerVisionLabs/src/3dpcl/../../../../../../usr/lib64/cmake/vtk/Modules/vtkIOEnSight.cmake">
          <Option virtualFolder="CMake Files\..\..\..\..\..\..\usr\lib64\cmake\vtk\Modules\" />
      </Unit>
      <Unit filename="/home/Methe/Workspace/ComputerVisionLabs/src/3dpcl/../../../../../../usr/lib64/cmake/vtk/Modules/vtkGUISupportQtOpenGL.cmake">
          <Option virtualFolder="CMake Files\..\..\..\..\..\..\usr\lib64\cmake\vtk\Modules\" />
      </Unit>
      <Unit filename="/home/Methe/Workspace/ComputerVisionLabs/src/3dpcl/../../../../../../usr/lib64/cmake/vtk/Modules/vtkGUISupportQt.cmake">
          <Option virtualFolder="CMake Files\..\..\..\..\..\..\usr\lib64\cmake\vtk\Modules\" />
      </Unit>
      <Unit filename="/home/Methe/Workspace/ComputerVisionLabs/src/3dpcl/../../../../../../usr/lib64/cmake/vtk/Modules/vtkIOMINC.cmake">
          <Option virtualFolder="CMake Files\..\..\..\..\..\..\usr\lib64\cmake\vtk\Modules\" />
      </Unit>
      <Unit filename="/home/Methe/Workspace/ComputerVisionLabs/src/3dpcl/../../../../../../usr/lib64/cmake/vtk/Modules/vtkIOGeometry.cmake">
          <Option virtualFolder="CMake Files\..\..\..\..\..\..\usr\lib64\cmake\vtk\Modules\" />
      </Unit>
      <Unit filename="/home/Methe/Workspace/ComputerVisionLabs/src/3dpcl/../../../../../../usr/lib64/cmake/vtk/Modules/vtkjsoncpp.cmake">
          <Option virtualFolder="CMake Files\..\..\..\..\..\..\usr\lib64\cmake\vtk\Modules\" />
      </Unit>
      <Unit filename="/home/Methe/Workspace/ComputerVisionLabs/src/3dpcl/../../../../../../usr/lib64/cmake/vtk/Modules/vtkFiltersStatisticsGnuR.cmake">
          <Option virtualFolder="CMake Files\..\..\..\..\..\..\usr\lib64\cmake\vtk\Modules\" />
      </Unit>
      <Unit filename="/home/Methe/Workspace/ComputerVisionLabs/src/3dpcl/../../../../../../usr/lib64/cmake/vtk/Modules/vtkIOVideo.cmake">
          <Option virtualFolder="CMake Files\..\..\..\..\..\..\usr\lib64\cmake\vtk\Modules\" />
      </Unit>
      <Unit filename="/home/Methe/Workspace/ComputerVisionLabs/src/3dpcl/../../../../../../usr/lib64/cmake/vtk/Modules/vtkFiltersTexture.cmake">
          <Option virtualFolder="CMake Files\..\..\..\..\..\..\usr\lib64\cmake\vtk\Modules\" />
      </Unit>
      <Unit filename="/home/Methe/Workspace/ComputerVisionLabs/src/3dpcl/../../../../../../usr/lib64/cmake/vtk/Modules/vtkRenderingImage.cmake">
          <Option virtualFolder="CMake Files\..\..\..\..\..\..\usr\lib64\cmake\vtk\Modules\" />
      </Unit>
      <Unit filename="/home/Methe/Workspace/ComputerVisionLabs/src/3dpcl/../../../../../../usr/lib64/cmake/vtk/Modules/vtkTestingGenericBridge.cmake">
          <Option virtualFolder="CMake Files\..\..\..\..\..\..\usr\lib64\cmake\vtk\Modules\" />
      </Unit>
      <Unit filename="/home/Methe/Workspace/ComputerVisionLabs/src/3dpcl/../../../../../../usr/lib64/cmake/vtk/Modules/vtklibxml2.cmake">
          <Option virtualFolder="CMake Files\..\..\..\..\..\..\usr\lib64\cmake\vtk\Modules\" />
      </Unit>
      <Unit filename="/home/Methe/Workspace/ComputerVisionLabs/src/3dpcl/../../../../../../usr/lib64/cmake/vtk/Modules/vtkIOLSDyna.cmake">
          <Option virtualFolder="CMake Files\..\..\..\..\..\..\usr\lib64\cmake\vtk\Modules\" />
      </Unit>
      <Unit filename="/home/Methe/Workspace/ComputerVisionLabs/src/3dpcl/../../../../../../usr/lib64/cmake/vtk/Modules/vtkIOXML.cmake">
          <Option virtualFolder="CMake Files\..\..\..\..\..\..\usr\lib64\cmake\vtk\Modules\" />
      </Unit>
      <Unit filename="/home/Methe/Workspace/ComputerVisionLabs/src/3dpcl/../../../../../../usr/lib64/cmake/vtk/Modules/vtkImagingStencil.cmake">
          <Option virtualFolder="CMake Files\..\..\..\..\..\..\usr\lib64\cmake\vtk\Modules\" />
      </Unit>
      <Unit filename="/home/Methe/Workspace/ComputerVisionLabs/src/3dpcl/../../../../../../usr/lib64/cmake/vtk/Modules/vtkIOExport.cmake">
          <Option virtualFolder="CMake Files\..\..\..\..\..\..\usr\lib64\cmake\vtk\Modules\" />
      </Unit>
      <Unit filename="/home/Methe/Workspace/ComputerVisionLabs/src/3dpcl/../../../../../../usr/lib64/cmake/vtk/Modules/vtkRenderingGL2PS.cmake">
          <Option virtualFolder="CMake Files\..\..\..\..\..\..\usr\lib64\cmake\vtk\Modules\" />
      </Unit>
      <Unit filename="/home/Methe/Workspace/ComputerVisionLabs/src/3dpcl/../../../../../../usr/lib64/cmake/vtk/Modules/vtkgl2ps.cmake">
          <Option virtualFolder="CMake Files\..\..\..\..\..\..\usr\lib64\cmake\vtk\Modules\" />
      </Unit>
      <Unit filename="/home/Methe/Workspace/ComputerVisionLabs/src/3dpcl/../../../../../../usr/lib64/cmake/vtk/Modules/vtkRenderingVolumeOpenGL.cmake">
          <Option virtualFolder="CMake Files\..\..\..\..\..\..\usr\lib64\cmake\vtk\Modules\" />
      </Unit>
      <Unit filename="/home/Methe/Workspace/ComputerVisionLabs/src/3dpcl/../../../../../../usr/lib64/cmake/vtk/Modules/vtkViewsGeovis.cmake">
          <Option virtualFolder="CMake Files\..\..\..\..\..\..\usr\lib64\cmake\vtk\Modules\" />
      </Unit>
      <Unit filename="/home/Methe/Workspace/ComputerVisionLabs/src/3dpcl/../../../../../../usr/lib64/cmake/vtk/Modules/vtkGeovisCore.cmake">
          <Option virtualFolder="CMake Files\..\..\..\..\..\..\usr\lib64\cmake\vtk\Modules\" />
      </Unit>
      <Unit filename="/home/Methe/Workspace/ComputerVisionLabs/src/3dpcl/../../../../../../usr/lib64/cmake/vtk/Modules/vtkInfovisLayout.cmake">
          <Option virtualFolder="CMake Files\..\..\..\..\..\..\usr\lib64\cmake\vtk\Modules\" />
      </Unit>
      <Unit filename="/home/Methe/Workspace/ComputerVisionLabs/src/3dpcl/../../../../../../usr/lib64/cmake/vtk/Modules/vtkInfovisCore.cmake">
          <Option virtualFolder="CMake Files\..\..\..\..\..\..\usr\lib64\cmake\vtk\Modules\" />
      </Unit>
      <Unit filename="/home/Methe/Workspace/ComputerVisionLabs/src/3dpcl/../../../../../../usr/lib64/cmake/vtk/Modules/vtklibproj4.cmake">
          <Option virtualFolder="CMake Files\..\..\..\..\..\..\usr\lib64\cmake\vtk\Modules\" />
      </Unit>
      <Unit filename="/home/Methe/Workspace/ComputerVisionLabs/src/3dpcl/../../../../../../usr/lib64/cmake/vtk/Modules/vtkViewsInfovis.cmake">
          <Option virtualFolder="CMake Files\..\..\..\..\..\..\usr\lib64\cmake\vtk\Modules\" />
      </Unit>
      <Unit filename="/home/Methe/Workspace/ComputerVisionLabs/src/3dpcl/../../../../../../usr/lib64/cmake/vtk/Modules/vtkFiltersImaging.cmake">
          <Option virtualFolder="CMake Files\..\..\..\..\..\..\usr\lib64\cmake\vtk\Modules\" />
      </Unit>
      <Unit filename="/home/Methe/Workspace/ComputerVisionLabs/src/3dpcl/../../../../../../usr/lib64/cmake/vtk/Modules/vtkRenderingLabel.cmake">
          <Option virtualFolder="CMake Files\..\..\..\..\..\..\usr\lib64\cmake\vtk\Modules\" />
      </Unit>
      <Unit filename="/home/Methe/Workspace/ComputerVisionLabs/src/3dpcl/../../../../../../usr/lib64/cmake/vtk/Modules/vtkLocalExample.cmake">
          <Option virtualFolder="CMake Files\..\..\..\..\..\..\usr\lib64\cmake\vtk\Modules\" />
      </Unit>
      <Unit filename="/home/Methe/Workspace/ComputerVisionLabs/src/3dpcl/../../../../../../usr/lib64/cmake/vtk/Modules/vtkIONetCDF.cmake">
          <Option virtualFolder="CMake Files\..\..\..\..\..\..\usr\lib64\cmake\vtk\Modules\" />
      </Unit>
      <Unit filename="/home/Methe/Workspace/ComputerVisionLabs/src/3dpcl/../../../../../../usr/lib64/cmake/vtk/Modules/vtkWrappingJava.cmake">
          <Option virtualFolder="CMake Files\..\..\..\..\..\..\usr\lib64\cmake\vtk\Modules\" />
      </Unit>
      <Unit filename="/home/Methe/Workspace/ComputerVisionLabs/src/3dpcl/../../../../../../usr/lib64/cmake/vtk/Modules/vtkCommonColor.cmake">
          <Option virtualFolder="CMake Files\..\..\..\..\..\..\usr\lib64\cmake\vtk\Modules\" />
      </Unit>
      <Unit filename="/home/Methe/Workspace/ComputerVisionLabs/src/3dpcl/../../../../../../usr/lib64/cmake/vtk/Modules/vtkImagingMorphological.cmake">
          <Option virtualFolder="CMake Files\..\..\..\..\..\..\usr\lib64\cmake\vtk\Modules\" />
      </Unit>
      <Unit filename="/home/Methe/Workspace/ComputerVisionLabs/src/3dpcl/../../../../../../usr/lib64/cmake/vtk/Modules/vtkIOExodus.cmake">
          <Option virtualFolder="CMake Files\..\..\..\..\..\..\usr\lib64\cmake\vtk\Modules\" />
      </Unit>
      <Unit filename="/home/Methe/Workspace/ComputerVisionLabs/src/3dpcl/../../../../../../usr/lib64/cmake/vtk/Modules/vtkexodusII.cmake">
          <Option virtualFolder="CMake Files\..\..\..\..\..\..\usr\lib64\cmake\vtk\Modules\" />
      </Unit>
      <Unit filename="/home/Methe/Workspace/ComputerVisionLabs/src/3dpcl/../../../../../../usr/lib64/cmake/vtk/Modules/vtkDomainsChemistry.cmake">
          <Option virtualFolder="CMake Files\..\..\..\..\..\..\usr\lib64\cmake\vtk\Modules\" />
      </Unit>
      <Unit filename="/home/Methe/Workspace/ComputerVisionLabs/src/3dpcl/../../../../../../usr/lib64/cmake/vtk/Modules/vtkRenderingFreeTypeOpenGL.cmake">
          <Option virtualFolder="CMake Files\..\..\..\..\..\..\usr\lib64\cmake\vtk\Modules\" />
      </Unit>
      <Unit filename="/home/Methe/Workspace/ComputerVisionLabs/src/3dpcl/../../../../../../usr/lib64/cmake/vtk/Modules/vtkRenderingTk.cmake">
          <Option virtualFolder="CMake Files\..\..\..\..\..\..\usr\lib64\cmake\vtk\Modules\" />
      </Unit>
      <Unit filename="/home/Methe/Workspace/ComputerVisionLabs/src/3dpcl/../../../../../../usr/lib64/cmake/vtk/Modules/vtkInteractionImage.cmake">
          <Option virtualFolder="CMake Files\..\..\..\..\..\..\usr\lib64\cmake\vtk\Modules\" />
      </Unit>
      <Unit filename="/home/Methe/Workspace/ComputerVisionLabs/src/3dpcl/../../../../../../usr/lib64/cmake/vtk/Modules/vtkIOInfovis.cmake">
          <Option virtualFolder="CMake Files\..\..\..\..\..\..\usr\lib64\cmake\vtk\Modules\" />
      </Unit>
      <Unit filename="/home/Methe/Workspace/ComputerVisionLabs/src/3dpcl/../../../../../../usr/lib64/cmake/vtk/Modules/vtkIOLegacy.cmake">
          <Option virtualFolder="CMake Files\..\..\..\..\..\..\usr\lib64\cmake\vtk\Modules\" />
      </Unit>
      <Unit filename="/home/Methe/Workspace/ComputerVisionLabs/src/3dpcl/../../../../../../usr/lib64/cmake/vtk/Modules/vtkFiltersAMR.cmake">
          <Option virtualFolder="CMake Files\..\..\..\..\..\..\usr\lib64\cmake\vtk\Modules\" />
      </Unit>
      <Unit filename="/home/Methe/Workspace/ComputerVisionLabs/src/3dpcl/../../../../../../usr/lib64/cmake/vtk/Modules/vtkParallelCore.cmake">
          <Option virtualFolder="CMake Files\..\..\..\..\..\..\usr\lib64\cmake\vtk\Modules\" />
      </Unit>
      <Unit filename="/home/Methe/Workspace/ComputerVisionLabs/src/3dpcl/../../../../../../usr/lib64/cmake/vtk/Modules/vtkUtilitiesHashSource.cmake">
          <Option virtualFolder="CMake Files\..\..\..\..\..\..\usr\lib64\cmake\vtk\Modules\" />
      </Unit>
      <Unit filename="/home/Methe/Workspace/ComputerVisionLabs/src/3dpcl/../../../../../../usr/lib64/cmake/vtk/Modules/vtkChartsCore.cmake">
          <Option virtualFolder="CMake Files\..\..\..\..\..\..\usr\lib64\cmake\vtk\Modules\" />
      </Unit>
      <Unit filename="/home/Methe/Workspace/ComputerVisionLabs/src/3dpcl/../../../../../../usr/lib64/cmake/vtk/Modules/vtkGUISupportQtWebkit.cmake">
          <Option virtualFolder="CMake Files\..\..\..\..\..\..\usr\lib64\cmake\vtk\Modules\" />
      </Unit>
      <Unit filename="/home/Methe/Workspace/ComputerVisionLabs/src/3dpcl/../../../../../../usr/lib64/cmake/vtk/Modules/vtkViewsQt.cmake">
          <Option virtualFolder="CMake Files\..\..\..\..\..\..\usr\lib64\cmake\vtk\Modules\" />
      </Unit>
      <Unit filename="/home/Methe/Workspace/ComputerVisionLabs/src/3dpcl/../../../../../../usr/lib64/cmake/vtk/Modules/vtkFiltersGeneric.cmake">
          <Option virtualFolder="CMake Files\..\..\..\..\..\..\usr\lib64\cmake\vtk\Modules\" />
      </Unit>
      <Unit filename="/home/Methe/Workspace/ComputerVisionLabs/src/3dpcl/../../../../../../usr/lib64/cmake/vtk/Modules/vtkFiltersSelection.cmake">
          <Option virtualFolder="CMake Files\..\..\..\..\..\..\usr\lib64\cmake\vtk\Modules\" />
      </Unit>
      <Unit filename="/home/Methe/Workspace/ComputerVisionLabs/src/3dpcl/../../../../../../usr/lib64/cmake/vtk/Modules/vtkImagingMath.cmake">
          <Option virtualFolder="CMake Files\..\..\..\..\..\..\usr\lib64\cmake\vtk\Modules\" />
      </Unit>
      <Unit filename="/home/Methe/Workspace/ComputerVisionLabs/src/3dpcl/../../../../../../usr/lib64/cmake/vtk/Modules/vtkRenderingQt.cmake">
          <Option virtualFolder="CMake Files\..\..\..\..\..\..\usr\lib64\cmake\vtk\Modules\" />
      </Unit>
      <Unit filename="/home/Methe/Workspace/ComputerVisionLabs/src/3dpcl/../../../../../../usr/lib64/cmake/vtk/Modules/vtkIOAMR.cmake">
          <Option virtualFolder="CMake Files\..\..\..\..\..\..\usr\lib64\cmake\vtk\Modules\" />
      </Unit>
      <Unit filename="/home/Methe/Workspace/ComputerVisionLabs/src/3dpcl/../../../../../../usr/lib64/cmake/vtk/Modules/vtkImagingStatistics.cmake">
          <Option virtualFolder="CMake Files\..\..\..\..\..\..\usr\lib64\cmake\vtk\Modules\" />
      </Unit>
      <Unit filename="/home/Methe/Workspace/ComputerVisionLabs/src/3dpcl/../../../../../../usr/lib64/cmake/vtk/Modules/vtkTestingRendering.cmake">
          <Option virtualFolder="CMake Files\..\..\..\..\..\..\usr\lib64\cmake\vtk\Modules\" />
      </Unit>
      <Unit filename="/home/Methe/Workspace/ComputerVisionLabs/src/3dpcl/../../../../../../usr/lib64/cmake/vtk/Modules/vtkIOImport.cmake">
          <Option virtualFolder="CMake Files\..\..\..\..\..\..\usr\lib64\cmake\vtk\Modules\" />
      </Unit>
      <Unit filename="/home/Methe/Workspace/ComputerVisionLabs/src/3dpcl/../../../../../../usr/lib64/cmake/vtk/Modules/vtkFiltersParallel.cmake">
          <Option virtualFolder="CMake Files\..\..\..\..\..\..\usr\lib64\cmake\vtk\Modules\" />
      </Unit>
      <Unit filename="/home/Methe/Workspace/ComputerVisionLabs/src/3dpcl/../../../../../../usr/lib64/cmake/vtk/Modules/vtkIOPLY.cmake">
          <Option virtualFolder="CMake Files\..\..\..\..\..\..\usr\lib64\cmake\vtk\Modules\" />
      </Unit>
      <Unit filename="/home/Methe/Workspace/ComputerVisionLabs/src/3dpcl/../../../../../../usr/lib64/cmake/vtk/Modules/vtkFiltersVerdict.cmake">
          <Option virtualFolder="CMake Files\..\..\..\..\..\..\usr\lib64\cmake\vtk\Modules\" />
      </Unit>
      <Unit filename="/home/Methe/Workspace/ComputerVisionLabs/src/3dpcl/../../../../../../usr/lib64/cmake/vtk/Modules/vtkverdict.cmake">
          <Option virtualFolder="CMake Files\..\..\..\..\..\..\usr\lib64\cmake\vtk\Modules\" />
      </Unit>
      <Unit filename="/home/Methe/Workspace/ComputerVisionLabs/src/3dpcl/../../../../../../usr/lib64/cmake/vtk/Modules/vtkIOParallel.cmake">
          <Option virtualFolder="CMake Files\..\..\..\..\..\..\usr\lib64\cmake\vtk\Modules\" />
      </Unit>
      <Unit filename="/home/Methe/Workspace/ComputerVisionLabs/src/3dpcl/../../../../../../usr/lib64/cmake/vtk/Modules/vtkRenderingHybridOpenGL.cmake">
          <Option virtualFolder="CMake Files\..\..\..\..\..\..\usr\lib64\cmake\vtk\Modules\" />
      </Unit>
      <Unit filename="/home/Methe/Workspace/ComputerVisionLabs/src/3dpcl/../../../../../../usr/lib64/cmake/vtk/Modules/vtkRenderingLOD.cmake">
          <Option virtualFolder="CMake Files\..\..\..\..\..\..\usr\lib64\cmake\vtk\Modules\" />
      </Unit>
      <Unit filename="/home/Methe/Workspace/ComputerVisionLabs/src/3dpcl/../../../../../../usr/lib64/cmake/vtk/Modules/vtkRenderingVolumeAMR.cmake">
          <Option virtualFolder="CMake Files\..\..\..\..\..\..\usr\lib64\cmake\vtk\Modules\" />
      </Unit>
      <Unit filename="/home/Methe/Workspace/ComputerVisionLabs/src/3dpcl/../../../../../../usr/lib64/cmake/vtk/Modules/vtkFiltersFlowPaths.cmake">
          <Option virtualFolder="CMake Files\..\..\..\..\..\..\usr\lib64\cmake\vtk\Modules\" />
      </Unit>
      <Unit filename="/home/Methe/Workspace/ComputerVisionLabs/src/3dpcl/../../../../../../usr/lib64/cmake/vtk/Modules/vtkFiltersParallelImaging.cmake">
          <Option virtualFolder="CMake Files\..\..\..\..\..\..\usr\lib64\cmake\vtk\Modules\" />
      </Unit>
   </Project>
</CodeBlocks_project_file>
